
Microsoft Visual Studio Solution File, Format Version 12.00
# Visual Studio Version 16
VisualStudioVersion = 16.0.30907.101
MinimumVisualStudioVersion = 10.0.40219.1
Project("{FAE04EC0-301F-11D3-BF4B-00C04F79EFBC}") = "MegaDesk-Nakkapalli", "MegaDesk-Nakkapalli\MegaDesk-Nakkapalli.csproj", "{728FA6DC-FD04-4D3E-8397-0D4539403760}"
EndProject
Global
	GlobalSection(SolutionConfigurationPlatforms) = preSolution
		Debug|Any CPU = Debug|Any CPU
		Release|Any CPU = Release|Any CPU
	EndGlobalSection
	GlobalSection(ProjectConfigurationPlatforms) = postSolution
		{728FA6DC-FD04-4D3E-8397-0D4539403760}.Debug|Any CPU.ActiveCfg = Debug|Any CPU
		{728FA6DC-FD04-4D3E-8397-0D4539403760}.Debug|Any CPU.Build.0 = Debug|Any CPU
		{728FA6DC-FD04-4D3E-8397-0D4539403760}.Release|Any CPU.ActiveCfg = Release|Any CPU
		{728FA6DC-FD04-4D3E-8397-0D4539403760}.Release|Any CPU.Build.0 = Release|Any CPU
	EndGlobalSection
	GlobalSection(SolutionProperties) = preSolution
		HideSolutionNode = FALSE
	EndGlobalSection
	GlobalSection(ExtensibilityGlobals) = postSolution
		SolutionGuid = {1856EEE3-CB5B-4F9F-BD11-CC494151B9B4}
	EndGlobalSection
EndGlobal
